{
    "id":  9999,
    "slug":  "phase0-smoke-test",
    "worktree_path":  "worktrees/agent-9999-phase0-smoke-test",
    "spawned_by":  "manual",
    "spawned_at":  "2026-05-22T17:55:44Z",
    "files":  [
                  "docs/superpowers/specs/2026-05-22-physics-agent-loop-design.md"
              ]
}